
Microsoft Visual Studio Solution File, Format Version 12.00
# Visual Studio 14
VisualStudioVersion = 14.0.25420.1
MinimumVisualStudioVersion = 10.0.40219.1
Project("{FAE04EC0-301F-11D3-BF4B-00C04F79EFBC}") = "demo-console", "demo-console\demo-console.csproj", "{4549C52F-0CA4-4D34-81B6-268F3B33D16A}"
EndProject
Project("{FAE04EC0-301F-11D3-BF4B-00C04F79EFBC}") = "common", "common\common.csproj", "{C3B20B79-9126-4DAF-9262-E4CCBAC30361}"
EndProject
Project("{FAE04EC0-301F-11D3-BF4B-00C04F79EFBC}") = "Register", "Register\Register.csproj", "{DD13571E-BC89-48E4-A841-A00688AFD78A}"
EndProject
Project("{FAE04EC0-301F-11D3-BF4B-00C04F79EFBC}") = "demo-webForm", "demo-webForm\demo-webForm.csproj", "{0734767E-31B0-42DD-9C02-0B95043F01C9}"
EndProject
Project("{FAE04EC0-301F-11D3-BF4B-00C04F79EFBC}") = "DotNettyServer", "DotNettyServer\DotNettyServer.csproj", "{9E74B0BF-FF92-469A-9DFB-F1262CB8B7C5}"
EndProject
Project("{FAE04EC0-301F-11D3-BF4B-00C04F79EFBC}") = "DotNettyClient", "DotNettyClient\DotNettyClient.csproj", "{7F8CA6E9-1FF7-4D2C-BB48-1420FFDB4DF1}"
EndProject
Project("{FAE04EC0-301F-11D3-BF4B-00C04F79EFBC}") = "demo-redis", "demo-redis\demo-redis.csproj", "{D7041C52-85BF-47CC-AF2F-D58D78298892}"
EndProject
Project("{FAE04EC0-301F-11D3-BF4B-00C04F79EFBC}") = "开机自启动程序", "开机自启动程序\开机自启动程序.csproj", "{81A2DBE4-B948-4C07-879D-DC70FCCFACED}"
EndProject
Project("{FAE04EC0-301F-11D3-BF4B-00C04F79EFBC}") = "db-Dapper", "db-Dapper\db-Dapper.csproj", "{B7840DF3-145D-45B9-83AB-4410393748A0}"
EndProject
Project("{FAE04EC0-301F-11D3-BF4B-00C04F79EFBC}") = "db-SqlSugar", "db-SqlSugar\db-SqlSugar.csproj", "{AB577F77-3FBC-46E0-B184-769C847AAF2B}"
EndProject
Project("{2150E333-8FDC-42A3-9474-1A3956D46DE8}") = "数据库", "数据库", "{A5F9BB64-629B-4C5C-8BD2-59D3B84FC462}"
EndProject
Project("{2150E333-8FDC-42A3-9474-1A3956D46DE8}") = "工具", "工具", "{E6EC19B6-1B51-4495-A4D2-89FEA0FE0BC6}"
EndProject
Project("{2150E333-8FDC-42A3-9474-1A3956D46DE8}") = "通讯", "通讯", "{144E0175-1FF8-4105-AC87-F5D75079304D}"
EndProject
Global
	GlobalSection(SolutionConfigurationPlatforms) = preSolution
		Debug|Any CPU = Debug|Any CPU
		Debug|x86 = Debug|x86
		Release|Any CPU = Release|Any CPU
		Release|x86 = Release|x86
	EndGlobalSection
	GlobalSection(ProjectConfigurationPlatforms) = postSolution
		{4549C52F-0CA4-4D34-81B6-268F3B33D16A}.Debug|Any CPU.ActiveCfg = Debug|Any CPU
		{4549C52F-0CA4-4D34-81B6-268F3B33D16A}.Debug|Any CPU.Build.0 = Debug|Any CPU
		{4549C52F-0CA4-4D34-81B6-268F3B33D16A}.Debug|x86.ActiveCfg = Debug|Any CPU
		{4549C52F-0CA4-4D34-81B6-268F3B33D16A}.Debug|x86.Build.0 = Debug|Any CPU
		{4549C52F-0CA4-4D34-81B6-268F3B33D16A}.Release|Any CPU.ActiveCfg = Release|Any CPU
		{4549C52F-0CA4-4D34-81B6-268F3B33D16A}.Release|Any CPU.Build.0 = Release|Any CPU
		{4549C52F-0CA4-4D34-81B6-268F3B33D16A}.Release|x86.ActiveCfg = Release|Any CPU
		{4549C52F-0CA4-4D34-81B6-268F3B33D16A}.Release|x86.Build.0 = Release|Any CPU
		{C3B20B79-9126-4DAF-9262-E4CCBAC30361}.Debug|Any CPU.ActiveCfg = Debug|Any CPU
		{C3B20B79-9126-4DAF-9262-E4CCBAC30361}.Debug|Any CPU.Build.0 = Debug|Any CPU
		{C3B20B79-9126-4DAF-9262-E4CCBAC30361}.Debug|x86.ActiveCfg = Debug|Any CPU
		{C3B20B79-9126-4DAF-9262-E4CCBAC30361}.Debug|x86.Build.0 = Debug|Any CPU
		{C3B20B79-9126-4DAF-9262-E4CCBAC30361}.Release|Any CPU.ActiveCfg = Release|Any CPU
		{C3B20B79-9126-4DAF-9262-E4CCBAC30361}.Release|Any CPU.Build.0 = Release|Any CPU
		{C3B20B79-9126-4DAF-9262-E4CCBAC30361}.Release|x86.ActiveCfg = Release|Any CPU
		{C3B20B79-9126-4DAF-9262-E4CCBAC30361}.Release|x86.Build.0 = Release|Any CPU
		{DD13571E-BC89-48E4-A841-A00688AFD78A}.Debug|Any CPU.ActiveCfg = Debug|Any CPU
		{DD13571E-BC89-48E4-A841-A00688AFD78A}.Debug|Any CPU.Build.0 = Debug|Any CPU
		{DD13571E-BC89-48E4-A841-A00688AFD78A}.Debug|x86.ActiveCfg = Debug|Any CPU
		{DD13571E-BC89-48E4-A841-A00688AFD78A}.Release|Any CPU.ActiveCfg = Release|Any CPU
		{DD13571E-BC89-48E4-A841-A00688AFD78A}.Release|Any CPU.Build.0 = Release|Any CPU
		{DD13571E-BC89-48E4-A841-A00688AFD78A}.Release|x86.ActiveCfg = Release|Any CPU
		{0734767E-31B0-42DD-9C02-0B95043F01C9}.Debug|Any CPU.ActiveCfg = Debug|Any CPU
		{0734767E-31B0-42DD-9C02-0B95043F01C9}.Debug|Any CPU.Build.0 = Debug|Any CPU
		{0734767E-31B0-42DD-9C02-0B95043F01C9}.Debug|x86.ActiveCfg = Debug|Any CPU
		{0734767E-31B0-42DD-9C02-0B95043F01C9}.Debug|x86.Build.0 = Debug|Any CPU
		{0734767E-31B0-42DD-9C02-0B95043F01C9}.Release|Any CPU.ActiveCfg = Release|Any CPU
		{0734767E-31B0-42DD-9C02-0B95043F01C9}.Release|Any CPU.Build.0 = Release|Any CPU
		{0734767E-31B0-42DD-9C02-0B95043F01C9}.Release|x86.ActiveCfg = Release|Any CPU
		{0734767E-31B0-42DD-9C02-0B95043F01C9}.Release|x86.Build.0 = Release|Any CPU
		{9E74B0BF-FF92-469A-9DFB-F1262CB8B7C5}.Debug|Any CPU.ActiveCfg = Debug|Any CPU
		{9E74B0BF-FF92-469A-9DFB-F1262CB8B7C5}.Debug|Any CPU.Build.0 = Debug|Any CPU
		{9E74B0BF-FF92-469A-9DFB-F1262CB8B7C5}.Debug|x86.ActiveCfg = Debug|Any CPU
		{9E74B0BF-FF92-469A-9DFB-F1262CB8B7C5}.Debug|x86.Build.0 = Debug|Any CPU
		{9E74B0BF-FF92-469A-9DFB-F1262CB8B7C5}.Release|Any CPU.ActiveCfg = Release|Any CPU
		{9E74B0BF-FF92-469A-9DFB-F1262CB8B7C5}.Release|Any CPU.Build.0 = Release|Any CPU
		{9E74B0BF-FF92-469A-9DFB-F1262CB8B7C5}.Release|x86.ActiveCfg = Release|Any CPU
		{9E74B0BF-FF92-469A-9DFB-F1262CB8B7C5}.Release|x86.Build.0 = Release|Any CPU
		{7F8CA6E9-1FF7-4D2C-BB48-1420FFDB4DF1}.Debug|Any CPU.ActiveCfg = Debug|Any CPU
		{7F8CA6E9-1FF7-4D2C-BB48-1420FFDB4DF1}.Debug|Any CPU.Build.0 = Debug|Any CPU
		{7F8CA6E9-1FF7-4D2C-BB48-1420FFDB4DF1}.Debug|x86.ActiveCfg = Debug|Any CPU
		{7F8CA6E9-1FF7-4D2C-BB48-1420FFDB4DF1}.Debug|x86.Build.0 = Debug|Any CPU
		{7F8CA6E9-1FF7-4D2C-BB48-1420FFDB4DF1}.Release|Any CPU.ActiveCfg = Release|Any CPU
		{7F8CA6E9-1FF7-4D2C-BB48-1420FFDB4DF1}.Release|Any CPU.Build.0 = Release|Any CPU
		{7F8CA6E9-1FF7-4D2C-BB48-1420FFDB4DF1}.Release|x86.ActiveCfg = Release|Any CPU
		{7F8CA6E9-1FF7-4D2C-BB48-1420FFDB4DF1}.Release|x86.Build.0 = Release|Any CPU
		{D7041C52-85BF-47CC-AF2F-D58D78298892}.Debug|Any CPU.ActiveCfg = Debug|Any CPU
		{D7041C52-85BF-47CC-AF2F-D58D78298892}.Debug|Any CPU.Build.0 = Debug|Any CPU
		{D7041C52-85BF-47CC-AF2F-D58D78298892}.Debug|x86.ActiveCfg = Debug|Any CPU
		{D7041C52-85BF-47CC-AF2F-D58D78298892}.Debug|x86.Build.0 = Debug|Any CPU
		{D7041C52-85BF-47CC-AF2F-D58D78298892}.Release|Any CPU.ActiveCfg = Release|Any CPU
		{D7041C52-85BF-47CC-AF2F-D58D78298892}.Release|Any CPU.Build.0 = Release|Any CPU
		{D7041C52-85BF-47CC-AF2F-D58D78298892}.Release|x86.ActiveCfg = Release|Any CPU
		{D7041C52-85BF-47CC-AF2F-D58D78298892}.Release|x86.Build.0 = Release|Any CPU
		{81A2DBE4-B948-4C07-879D-DC70FCCFACED}.Debug|Any CPU.ActiveCfg = Debug|x86
		{81A2DBE4-B948-4C07-879D-DC70FCCFACED}.Debug|x86.ActiveCfg = Debug|x86
		{81A2DBE4-B948-4C07-879D-DC70FCCFACED}.Debug|x86.Build.0 = Debug|x86
		{81A2DBE4-B948-4C07-879D-DC70FCCFACED}.Release|Any CPU.ActiveCfg = Release|x86
		{81A2DBE4-B948-4C07-879D-DC70FCCFACED}.Release|x86.ActiveCfg = Release|x86
		{81A2DBE4-B948-4C07-879D-DC70FCCFACED}.Release|x86.Build.0 = Release|x86
		{B7840DF3-145D-45B9-83AB-4410393748A0}.Debug|Any CPU.ActiveCfg = Debug|Any CPU
		{B7840DF3-145D-45B9-83AB-4410393748A0}.Debug|Any CPU.Build.0 = Debug|Any CPU
		{B7840DF3-145D-45B9-83AB-4410393748A0}.Debug|x86.ActiveCfg = Debug|Any CPU
		{B7840DF3-145D-45B9-83AB-4410393748A0}.Debug|x86.Build.0 = Debug|Any CPU
		{B7840DF3-145D-45B9-83AB-4410393748A0}.Release|Any CPU.ActiveCfg = Release|Any CPU
		{B7840DF3-145D-45B9-83AB-4410393748A0}.Release|Any CPU.Build.0 = Release|Any CPU
		{B7840DF3-145D-45B9-83AB-4410393748A0}.Release|x86.ActiveCfg = Release|Any CPU
		{B7840DF3-145D-45B9-83AB-4410393748A0}.Release|x86.Build.0 = Release|Any CPU
		{AB577F77-3FBC-46E0-B184-769C847AAF2B}.Debug|Any CPU.ActiveCfg = Debug|Any CPU
		{AB577F77-3FBC-46E0-B184-769C847AAF2B}.Debug|Any CPU.Build.0 = Debug|Any CPU
		{AB577F77-3FBC-46E0-B184-769C847AAF2B}.Debug|x86.ActiveCfg = Debug|Any CPU
		{AB577F77-3FBC-46E0-B184-769C847AAF2B}.Debug|x86.Build.0 = Debug|Any CPU
		{AB577F77-3FBC-46E0-B184-769C847AAF2B}.Release|Any CPU.ActiveCfg = Release|Any CPU
		{AB577F77-3FBC-46E0-B184-769C847AAF2B}.Release|Any CPU.Build.0 = Release|Any CPU
		{AB577F77-3FBC-46E0-B184-769C847AAF2B}.Release|x86.ActiveCfg = Release|Any CPU
		{AB577F77-3FBC-46E0-B184-769C847AAF2B}.Release|x86.Build.0 = Release|Any CPU
	EndGlobalSection
	GlobalSection(SolutionProperties) = preSolution
		HideSolutionNode = FALSE
	EndGlobalSection
	GlobalSection(NestedProjects) = preSolution
		{DD13571E-BC89-48E4-A841-A00688AFD78A} = {E6EC19B6-1B51-4495-A4D2-89FEA0FE0BC6}
		{9E74B0BF-FF92-469A-9DFB-F1262CB8B7C5} = {144E0175-1FF8-4105-AC87-F5D75079304D}
		{7F8CA6E9-1FF7-4D2C-BB48-1420FFDB4DF1} = {144E0175-1FF8-4105-AC87-F5D75079304D}
		{D7041C52-85BF-47CC-AF2F-D58D78298892} = {A5F9BB64-629B-4C5C-8BD2-59D3B84FC462}
		{81A2DBE4-B948-4C07-879D-DC70FCCFACED} = {E6EC19B6-1B51-4495-A4D2-89FEA0FE0BC6}
		{B7840DF3-145D-45B9-83AB-4410393748A0} = {A5F9BB64-629B-4C5C-8BD2-59D3B84FC462}
		{AB577F77-3FBC-46E0-B184-769C847AAF2B} = {A5F9BB64-629B-4C5C-8BD2-59D3B84FC462}
	EndGlobalSection
EndGlobal
