
Microsoft Visual Studio Solution File, Format Version 12.00
# Visual Studio 14
VisualStudioVersion = 14.0.23107.0
MinimumVisualStudioVersion = 10.0.40219.1
Project("{FAE04EC0-301F-11D3-BF4B-00C04F79EFBC}") = "demo-console", "demo-console\demo-console.csproj", "{4549C52F-0CA4-4D34-81B6-268F3B33D16A}"
EndProject
Project("{FAE04EC0-301F-11D3-BF4B-00C04F79EFBC}") = "common", "common\common.csproj", "{C3B20B79-9126-4DAF-9262-E4CCBAC30361}"
EndProject
Project("{FAE04EC0-301F-11D3-BF4B-00C04F79EFBC}") = "Register", "Register\Register.csproj", "{DD13571E-BC89-48E4-A841-A00688AFD78A}"
EndProject
Project("{FAE04EC0-301F-11D3-BF4B-00C04F79EFBC}") = "demo-webForm", "demo-webForm\demo-webForm.csproj", "{0734767E-31B0-42DD-9C02-0B95043F01C9}"
EndProject
Global
	GlobalSection(SolutionConfigurationPlatforms) = preSolution
		Debug|Any CPU = Debug|Any CPU
		Release|Any CPU = Release|Any CPU
	EndGlobalSection
	GlobalSection(ProjectConfigurationPlatforms) = postSolution
		{4549C52F-0CA4-4D34-81B6-268F3B33D16A}.Debug|Any CPU.ActiveCfg = Debug|Any CPU
		{4549C52F-0CA4-4D34-81B6-268F3B33D16A}.Debug|Any CPU.Build.0 = Debug|Any CPU
		{4549C52F-0CA4-4D34-81B6-268F3B33D16A}.Release|Any CPU.ActiveCfg = Release|Any CPU
		{4549C52F-0CA4-4D34-81B6-268F3B33D16A}.Release|Any CPU.Build.0 = Release|Any CPU
		{C3B20B79-9126-4DAF-9262-E4CCBAC30361}.Debug|Any CPU.ActiveCfg = Debug|Any CPU
		{C3B20B79-9126-4DAF-9262-E4CCBAC30361}.Debug|Any CPU.Build.0 = Debug|Any CPU
		{C3B20B79-9126-4DAF-9262-E4CCBAC30361}.Release|Any CPU.ActiveCfg = Release|Any CPU
		{C3B20B79-9126-4DAF-9262-E4CCBAC30361}.Release|Any CPU.Build.0 = Release|Any CPU
		{DD13571E-BC89-48E4-A841-A00688AFD78A}.Debug|Any CPU.ActiveCfg = Debug|Any CPU
		{DD13571E-BC89-48E4-A841-A00688AFD78A}.Debug|Any CPU.Build.0 = Debug|Any CPU
		{DD13571E-BC89-48E4-A841-A00688AFD78A}.Release|Any CPU.ActiveCfg = Release|Any CPU
		{DD13571E-BC89-48E4-A841-A00688AFD78A}.Release|Any CPU.Build.0 = Release|Any CPU
		{0734767E-31B0-42DD-9C02-0B95043F01C9}.Debug|Any CPU.ActiveCfg = Debug|Any CPU
		{0734767E-31B0-42DD-9C02-0B95043F01C9}.Debug|Any CPU.Build.0 = Debug|Any CPU
		{0734767E-31B0-42DD-9C02-0B95043F01C9}.Release|Any CPU.ActiveCfg = Release|Any CPU
		{0734767E-31B0-42DD-9C02-0B95043F01C9}.Release|Any CPU.Build.0 = Release|Any CPU
	EndGlobalSection
	GlobalSection(SolutionProperties) = preSolution
		HideSolutionNode = FALSE
	EndGlobalSection
EndGlobal
